
Microsoft Visual Studio Solution File, Format Version 12.00
# Visual Studio Version 17
VisualStudioVersion = 17.10.35122.118
MinimumVisualStudioVersion = 10.0.40219.1
Project("{FAE04EC0-301F-11D3-BF4B-00C04F79EFBC}") = "switchcoffeprice", "switchcoffeprice\switchcoffeprice.csproj", "{88416029-D911-4EB3-9D90-FEF9A2D2756C}"
EndProject
Global
	GlobalSection(SolutionConfigurationPlatforms) = preSolution
		Debug|Any CPU = Debug|Any CPU
		Release|Any CPU = Release|Any CPU
	EndGlobalSection
	GlobalSection(ProjectConfigurationPlatforms) = postSolution
		{88416029-D911-4EB3-9D90-FEF9A2D2756C}.Debug|Any CPU.ActiveCfg = Debug|Any CPU
		{88416029-D911-4EB3-9D90-FEF9A2D2756C}.Debug|Any CPU.Build.0 = Debug|Any CPU
		{88416029-D911-4EB3-9D90-FEF9A2D2756C}.Release|Any CPU.ActiveCfg = Release|Any CPU
		{88416029-D911-4EB3-9D90-FEF9A2D2756C}.Release|Any CPU.Build.0 = Release|Any CPU
	EndGlobalSection
	GlobalSection(SolutionProperties) = preSolution
		HideSolutionNode = FALSE
	EndGlobalSection
	GlobalSection(ExtensibilityGlobals) = postSolution
		SolutionGuid = {F2BA3893-9DE7-4261-9240-7AA5EF89AAA3}
	EndGlobalSection
EndGlobal
